PODS:
  - Alamofire (4.9.1)
  - SDWebImage (4.4.7):
    - SDWebImage/Core (= 4.4.7)
  - SDWebImage/Core (4.4.7)
  - SwiftyJSON (5.0.0)
  - Toast-Swift (4.0.1)

DEPENDENCIES:
  - Alamofire
  - SDWebImage (~> 4.4.6)
  - SwiftyJSON
  - Toast-Swift (~> 4.0.1)

SPEC REPOS:
  trunk:
    - Alamofire
    - SDWebImage
    - SwiftyJSON
    - Toast-Swift

SPEC CHECKSUMS:
  Alamofire: 85e8a02c69d6020a0d734f6054870d7ecb75cf18
  SDWebImage: c10d14a8883ebd89664f02a422006f66a85c0c5d
  SwiftyJSON: 36413e04c44ee145039d332b4f4e2d3e8d6c4db7
  Toast-Swift: e42a638589a2f95036b4bb7626cfbdde7daf0393

PODFILE CHECKSUM: 82fce54844d0f8e48501647bf33c479453488c8d

COCOAPODS: 1.8.4
